// !$*UTF8*$!
{
	archiveVersion = 1;
	classes = {
	};
	objectVersion = 50;
	objects = {

/* Begin PBXBuildFile section */
		3FB75987243A70FA0024F8DE /* AppDelegate.swift in Sources */ = {isa = PBXBuildFile; fileRef = 3FB75986243A70FA0024F8DE /* AppDelegate.swift */; };
		3FB75989243A70FA0024F8DE /* SceneDelegate.swift in Sources */ = {isa = PBXBuildFile; fileRef = 3FB75988243A70FA0024F8DE /* SceneDelegate.swift */; };
		3FB7598B243A70FA0024F8DE /* ViewController.swift in Sources */ = {isa = PBXBuildFile; fileRef = 3FB7598A243A70FA0024F8DE /* ViewController.swift */; };
		3FB7598E243A70FA0024F8DE /* Main.storyboard in Resources */ = {isa = PBXBuildFile; fileRef = 3FB7598C243A70FA0024F8DE /* Main.storyboard */; };
		3FB75990243A71040024F8DE /* Assets.xcassets in Resources */ = {isa = PBXBuildFile; fileRef = 3FB7598F243A71040024F8DE /* Assets.xcassets */; };
		3FB75993243A71040024F8DE /* LaunchScreen.storyboard in Resources */ = {isa = PBXBuildFile; fileRef = 3FB75991243A71040024F8DE /* LaunchScreen.storyboard */; };
		3FB7599B243B6B540024F8DE /* CardModel.swift in Sources */ = {isa = PBXBuildFile; fileRef = 3FB7599A243B6B540024F8DE /* CardModel.swift */; };
		3FB7599D243B6C6F0024F8DE /* Card.swift in Sources */ = {isa = PBXBuildFile; fileRef = 3FB7599C243B6C6F0024F8DE /* Card.swift */; };
		3FB7599F243B72A10024F8DE /* MyCollectionViewCell.swift in Sources */ = {isa = PBXBuildFile; fileRef = 3FB7599E243B72A10024F8DE /* MyCollectionViewCell.swift */; };
/* End PBXBuildFile section */

/* Begin PBXFileReference section */
		3FB75983243A70FA0024F8DE /* Match app.app */ = {isa = PBXFileReference; explicitFileType = wrapper.application; includeInIndex = 0; path = "Match app.app"; sourceTree = BUILT_PRODUCTS_DIR; };
		3FB75986243A70FA0024F8DE /* AppDelegate.swift */ = {isa = PBXFileReference; lastKnownFileType = sourcecode.swift; path = AppDelegate.swift; sourceTree = "<group>"; };
		3FB75988243A70FA0024F8DE /* SceneDelegate.swift */ = {isa = PBXFileReference; lastKnownFileType = sourcecode.swift; path = SceneDelegate.swift; sourceTree = "<group>"; };
		3FB7598A243A70FA0024F8DE /* ViewController.swift */ = {isa = PBXFileReference; lastKnownFileType = sourcecode.swift; path = ViewController.swift; sourceTree = "<group>"; };
		3FB7598D243A70FA0024F8DE /* Base */ = {isa = PBXFileReference; lastKnownFileType = file.storyboard; name = Base; path = Base.lproj/Main.storyboard; sourceTree = "<group>"; };
		3FB7598F243A71040024F8DE /* Assets.xcassets */ = {isa = PBXFileReference; lastKnownFileType = folder.assetcatalog; path = Assets.xcassets; sourceTree = "<group>"; };
		3FB75992243A71040024F8DE /* Base */ = {isa = PBXFileReference; lastKnownFileType = file.storyboard; name = Base; path = Base.lproj/LaunchScreen.storyboard; sourceTree = "<group>"; };
		3FB75994243A71040024F8DE /* Info.plist */ = {isa = PBXFileReference; lastKnownFileType = text.plist.xml; path = Info.plist; sourceTree = "<group>"; };
		3FB7599A243B6B540024F8DE /* CardModel.swift */ = {isa = PBXFileReference; lastKnownFileType = sourcecode.swift; path = CardModel.swift; sourceTree = "<group>"; };
		3FB7599C243B6C6F0024F8DE /* Card.swift */ = {isa = PBXFileReference; lastKnownFileType = sourcecode.swift; path = Card.swift; sourceTree = "<group>"; };
		3FB7599E243B72A10024F8DE /* MyCollectionViewCell.swift */ = {isa = PBXFileReference; lastKnownFileType = sourcecode.swift; path = MyCollectionViewCell.swift; sourceTree = "<group>"; };
/* End PBXFileReference section */

/* Begin PBXFrameworksBuildPhase section */
		3FB75980243A70FA0024F8DE /* Frameworks */ = {
			isa = PBXFrameworksBuildPhase;
			buildActionMask = 2147483647;
			files = (
			);
			runOnlyForDeploymentPostprocessing = 0;
		};
/* End PBXFrameworksBuildPhase section */

/* Begin PBXGroup section */
		3FB7597A243A70FA0024F8DE = {
			isa = PBXGroup;
			children = (
				3FB75985243A70FA0024F8DE /* Match app */,
				3FB75984243A70FA0024F8DE /* Products */,
			);
			sourceTree = "<group>";
		};
		3FB75984243A70FA0024F8DE /* Products */ = {
			isa = PBXGroup;
			children = (
				3FB75983243A70FA0024F8DE /* Match app.app */,
			);
			name = Products;
			sourceTree = "<group>";
		};
		3FB75985243A70FA0024F8DE /* Match app */ = {
			isa = PBXGroup;
			children = (
				3FB75986243A70FA0024F8DE /* AppDelegate.swift */,
				3FB75988243A70FA0024F8DE /* SceneDelegate.swift */,
				3FB7599E243B72A10024F8DE /* MyCollectionViewCell.swift */,
				3FB7599C243B6C6F0024F8DE /* Card.swift */,
				3FB7599A243B6B540024F8DE /* CardModel.swift */,
				3FB7598A243A70FA0024F8DE /* ViewController.swift */,
				3FB7598C243A70FA0024F8DE /* Main.storyboard */,
				3FB7598F243A71040024F8DE /* Assets.xcassets */,
				3FB75991243A71040024F8DE /* LaunchScreen.storyboard */,
				3FB75994243A71040024F8DE /* Info.plist */,
			);
			path = "Match app";
			sourceTree = "<group>";
		};
/* End PBXGroup section */

/* Begin PBXNativeTarget section */
		3FB75982243A70FA0024F8DE /* Match app */ = {
			isa = PBXNativeTarget;
			buildConfigurationList = 3FB75997243A71040024F8DE /* Build configuration list for PBXNativeTarget "Match app" */;
			buildPhases = (
				3FB7597F243A70FA0024F8DE /* Sources */,
				3FB75980243A70FA0024F8DE /* Frameworks */,
				3FB75981243A70FA0024F8DE /* Resources */,
			);
			buildRules = (
			);
			dependencies = (
			);
			name = "Match app";
			productName = "Match app";
			productReference = 3FB75983243A70FA0024F8DE /* Match app.app */;
			productType = "com.apple.product-type.application";
		};
/* End PBXNativeTarget section */

/* Begin PBXProject section */
		3FB7597B243A70FA0024F8DE /* Project object */ = {
			isa = PBXProject;
			attributes = {
				LastSwiftUpdateCheck = 1130;
				LastUpgradeCheck = 1130;
				ORGANIZATIONNAME = "Giorgi Jashiashvili";
				TargetAttributes = {
					3FB75982243A70FA0024F8DE = {
						CreatedOnToolsVersion = 11.3.1;
					};
				};
			};
			buildConfigurationList = 3FB7597E243A70FA0024F8DE /* Build configuration list for PBXProject "Match app" */;
			compatibilityVersion = "Xcode 9.3";
			developmentRegion = en;
			hasScannedForEncodings = 0;
			knownRegions = (
				en,
				Base,
			);
			mainGroup = 3FB7597A243A70FA0024F8DE;
			productRefGroup = 3FB75984243A70FA0024F8DE /* Products */;
			projectDirPath = "";
			projectRoot = "";
			targets = (
				3FB75982243A70FA0024F8DE /* Match app */,
			);
		};
/* End PBXProject section */

/* Begin PBXResourcesBuildPhase section */
		3FB75981243A70FA0024F8DE /* Resources */ = {
			isa = PBXResourcesBuildPhase;
			buildActionMask = 2147483647;
			files = (
				3FB75993243A71040024F8DE /* LaunchScreen.storyboard in Resources */,
				3FB75990243A71040024F8DE /* Assets.xcassets in Resources */,
				3FB7598E243A70FA0024F8DE /* Main.storyboard in Resources */,
			);
			runOnlyForDeploymentPostprocessing = 0;
		};
/* End PBXResourcesBuildPhase section */

/* Begin PBXSourcesBuildPhase section */
		3FB7597F243A70FA0024F8DE /* Sources */ = {
			isa = PBXSourcesBuildPhase;
			buildActionMask = 2147483647;
			files = (
				3FB7598B243A70FA0024F8DE /* ViewController.swift in Sources */,
				3FB7599B243B6B540024F8DE /* CardModel.swift in Sources */,
				3FB7599F243B72A10024F8DE /* MyCollectionViewCell.swift in Sources */,
				3FB7599D243B6C6F0024F8DE /* Card.swift in Sources */,
				3FB75987243A70FA0024F8DE /* AppDelegate.swift in Sources */,
				3FB75989243A70FA0024F8DE /* SceneDelegate.swift in Sources */,
			);
			runOnlyForDeploymentPostprocessing = 0;
		};
/* End PBXSourcesBuildPhase section */

/* Begin PBXVariantGroup section */
		3FB7598C243A70FA0024F8DE /* Main.storyboard */ = {
			isa = PBXVariantGroup;
			children = (
				3FB7598D243A70FA0024F8DE /* Base */,
			);
			name = Main.storyboard;
			sourceTree = "<group>";
		};
		3FB75991243A71040024F8DE /* LaunchScreen.storyboard */ = {
			isa = PBXVariantGroup;
			children = (
				3FB75992243A71040024F8DE /* Base */,
			);
			name = LaunchScreen.storyboard;
			sourceTree = "<group>";
		};
/* End PBXVariantGroup section */

/* Begin XCBuildConfiguration section */
		3FB75995243A71040024F8DE /* Debug */ = {
			isa = XCBuildConfiguration;
			buildSettings = {
				ALWAYS_SEARCH_USER_PATHS = NO;
				CLANG_ANALYZER_NONNULL = YES;
				CLANG_ANALYZER_NUMBER_OBJECT_CONVERSION = YES_AGGRESSIVE;
				CLANG_CXX_LANGUAGE_STANDARD = "gnu++14";
				CLANG_CXX_LIBRARY = "libc++";
				CLANG_ENABLE_MODULES = YES;
				CLANG_ENABLE_OBJC_ARC = YES;
				CLANG_ENABLE_OBJC_WEAK = YES;
				CLANG_WARN_BLOCK_CAPTURE_AUTORELEASING = YES;
				CLANG_WARN_BOOL_CONVERSION = YES;
				CLANG_WARN_COMMA = YES;
				CLANG_WARN_CONSTANT_CONVERSION = YES;
				CLANG_WARN_DEPRECATED_OBJC_IMPLEMENTATIONS = YES;
				CLANG_WARN_DIRECT_OBJC_ISA_USAGE = YES_ERROR;
				CLANG_WARN_DOCUMENTATION_COMMENTS = YES;
				CLANG_WARN_EMPTY_BODY = YES;
				CLANG_WARN_ENUM_CONVERSION = YES;
				CLANG_WARN_INFINITE_RECURSION = YES;
				CLANG_WARN_INT_CONVERSION = YES;
				CLANG_WARN_NON_LITERAL_NULL_CONVERSION = YES;
				CLANG_WARN_OBJC_IMPLICIT_RETAIN_SELF = YES;
				CLANG_WARN_OBJC_LITERAL_CONVERSION = YES;
				CLANG_WARN_OBJC_ROOT_CLASS = YES_ERROR;
				CLANG_WARN_RANGE_LOOP_ANALYSIS = YES;
				CLANG_WARN_STRICT_PROTOTYPES = YES;
				CLANG_WARN_SUSPICIOUS_MOVE = YES;
				CLANG_WARN_UNGUARDED_AVAILABILITY = YES_AGGRESSIVE;
				CLANG_WARN_UNREACHABLE_CODE = YES;
				CLANG_WARN__DUPLICATE_METHOD_MATCH = YES;
				COPY_PHASE_STRIP = NO;
				DEBUG_INFORMATION_FORMAT = dwarf;
				ENABLE_STRICT_OBJC_MSGSEND = YES;
				ENABLE_TESTABILITY = YES;
				GCC_C_LANGUAGE_STANDARD = gnu11;
				GCC_DYNAMIC_NO_PIC = NO;
				GCC_NO_COMMON_BLOCKS = YES;
				GCC_OPTIMIZATION_LEVEL = 0;
				GCC_PREPROCESSOR_DEFINITIONS = (
					"DEBUG=1",
					"$(inherited)",
				);
				GCC_WARN_64_TO_32_BIT_CONVERSION = YES;
				GCC_WARN_ABOUT_RETURN_TYPE = YES_ERROR;
				GCC_WARN_UNDECLARED_SELECTOR = YES;
				GCC_WARN_UNINITIALIZED_AUTOS = YES_AGGRESSIVE;
				GCC_WARN_UNUSED_FUNCTION = YES;
				GCC_WARN_UNUSED_VARIABLE = YES;
				IPHONEOS_DEPLOYMENT_TARGET = 13.2;
				MTL_ENABLE_DEBUG_INFO = INCLUDE_SOURCE;
				MTL_FAST_MATH = YES;
				ONLY_ACTIVE_ARCH = YES;
				SDKROOT = iphoneos;
				SWIFT_ACTIVE_COMPILATION_CONDITIONS = DEBUG;
				SWIFT_OPTIMIZATION_LEVEL = "-Onone";
			};
			name = Debug;
		};
		3FB75996243A71040024F8DE /* Release */ = {
			isa = XCBuildConfiguration;
			buildSettings = {
				ALWAYS_SEARCH_USER_PATHS = NO;
				CLANG_ANALYZER_NONNULL = YES;
				CLANG_ANALYZER_NUMBER_OBJECT_CONVERSION = YES_AGGRESSIVE;
				CLANG_CXX_LANGUAGE_STANDARD = "gnu++14";
				CLANG_CXX_LIBRARY = "libc++";
				CLANG_ENABLE_MODULES = YES;
				CLANG_ENABLE_OBJC_ARC = YES;
				CLANG_ENABLE_OBJC_WEAK = YES;
				CLANG_WARN_BLOCK_CAPTURE_AUTORELEASING = YES;
				CLANG_WARN_BOOL_CONVERSION = YES;
				CLANG_WARN_COMMA = YES;
				CLANG_WARN_CONSTANT_CONVERSION = YES;
				CLANG_WARN_DEPRECATED_OBJC_IMPLEMENTATIONS = YES;
				CLANG_WARN_DIRECT_OBJC_ISA_USAGE = YES_ERROR;
				CLANG_WARN_DOCUMENTATION_COMMENTS = YES;
				CLANG_WARN_EMPTY_BODY = YES;
				CLANG_WARN_ENUM_CONVERSION = YES;
				CLANG_WARN_INFINITE_RECURSION = YES;
				CLANG_WARN_INT_CONVERSION = YES;
				CLANG_WARN_NON_LITERAL_NULL_CONVERSION = YES;
				CLANG_WARN_OBJC_IMPLICIT_RETAIN_SELF = YES;
				CLANG_WARN_OBJC_LITERAL_CONVERSION = YES;
				CLANG_WARN_OBJC_ROOT_CLASS = YES_ERROR;
				CLANG_WARN_RANGE_LOOP_ANALYSIS = YES;
				CLANG_WARN_STRICT_PROTOTYPES = YES;
				CLANG_WARN_SUSPICIOUS_MOVE = YES;
				CLANG_WARN_UNGUARDED_AVAILABILITY = YES_AGGRESSIVE;
				CLANG_WARN_UNREACHABLE_CODE = YES;
				CLANG_WARN__DUPLICATE_METHOD_MATCH = YES;
				COPY_PHASE_STRIP = NO;
				DEBUG_INFORMATION_FORMAT = "dwarf-with-dsym";
				ENABLE_NS_ASSERTIONS = NO;
				ENABLE_STRICT_OBJC_MSGSEND = YES;
				GCC_C_LANGUAGE_STANDARD = gnu11;
				GCC_NO_COMMON_BLOCKS = YES;
				GCC_WARN_64_TO_32_BIT_CONVERSION = YES;
				GCC_WARN_ABOUT_RETURN_TYPE = YES_ERROR;
				GCC_WARN_UNDECLARED_SELECTOR = YES;
				GCC_WARN_UNINITIALIZED_AUTOS = YES_AGGRESSIVE;
				GCC_WARN_UNUSED_FUNCTION = YES;
				GCC_WARN_UNUSED_VARIABLE = YES;
				IPHONEOS_DEPLOYMENT_TARGET = 13.2;
				MTL_ENABLE_DEBUG_INFO = NO;
				MTL_FAST_MATH = YES;
				SDKROOT = iphoneos;
				SWIFT_COMPILATION_MODE = wholemodule;
				SWIFT_OPTIMIZATION_LEVEL = "-O";
				VALIDATE_PRODUCT = YES;
			};
			name = Release;
		};
		3FB75998243A71040024F8DE /* Debug */ = {
			isa = XCBuildConfiguration;
			buildSettings = {
				ASSETCATALOG_COMPILER_APPICON_NAME = AppIcon;
				CODE_SIGN_STYLE = Automatic;
				DEVELOPMENT_TEAM = CK8MX6WA75;
				INFOPLIST_FILE = "Match app/Info.plist";
				LD_RUNPATH_SEARCH_PATHS = (
					"$(inherited)",
					"@executable_path/Frameworks",
				);
				PRODUCT_BUNDLE_IDENTIFIER = "com.g.jashiashvili.Match-app";
				PRODUCT_NAME = "$(TARGET_NAME)";
				SWIFT_VERSION = 5.0;
				TARGETED_DEVICE_FAMILY = "1,2";
			};
			name = Debug;
		};
		3FB75999243A71040024F8DE /* Release */ = {
			isa = XCBuildConfiguration;
			buildSettings = {
				ASSETCATALOG_COMPILER_APPICON_NAME = AppIcon;
				CODE_SIGN_STYLE = Automatic;
				DEVELOPMENT_TEAM = CK8MX6WA75;
				INFOPLIST_FILE = "Match app/Info.plist";
				LD_RUNPATH_SEARCH_PATHS = (
					"$(inherited)",
					"@executable_path/Frameworks",
				);
				PRODUCT_BUNDLE_IDENTIFIER = "com.g.jashiashvili.Match-app";
				PRODUCT_NAME = "$(TARGET_NAME)";
				SWIFT_VERSION = 5.0;
				TARGETED_DEVICE_FAMILY = "1,2";
			};
			name = Release;
		};
/* End XCBuildConfiguration section */

/* Begin XCConfigurationList section */
		3FB7597E243A70FA0024F8DE /* Build configuration list for PBXProject "Match app" */ = {
			isa = XCConfigurationList;
			buildConfigurations = (
				3FB75995243A71040024F8DE /* Debug */,
				3FB75996243A71040024F8DE /* Release */,
			);
			defaultConfigurationIsVisible = 0;
			defaultConfigurationName = Release;
		};
		3FB75997243A71040024F8DE /* Build configuration list for PBXNativeTarget "Match app" */ = {
			isa = XCConfigurationList;
			buildConfigurations = (
				3FB75998243A71040024F8DE /* Debug */,
				3FB75999243A71040024F8DE /* Release */,
			);
			defaultConfigurationIsVisible = 0;
			defaultConfigurationName = Release;
		};
/* End XCConfigurationList section */
	};
	rootObject = 3FB7597B243A70FA0024F8DE /* Project object */;
}
